// !$*UTF8*$!
{
	archiveVersion = 1;
	classes = {
	};
	objectVersion = 46;
	objects = {

/* Begin PBXBuildFile section */
		6373CD1C1AD5A261000DE105 /* AppDelegate.swift in Sources */ = {isa = PBXBuildFile; fileRef = 6373CD1B1AD5A261000DE105 /* AppDelegate.swift */; };
		6373CD1E1AD5A261000DE105 /* ViewController.swift in Sources */ = {isa = PBXBuildFile; fileRef = 6373CD1D1AD5A261000DE105 /* ViewController.swift */; };
		6373CD211AD5A261000DE105 /* Main.storyboard in Resources */ = {isa = PBXBuildFile; fileRef = 6373CD1F1AD5A261000DE105 /* Main.storyboard */; };
		6373CD231AD5A261000DE105 /* Images.xcassets in Resources */ = {isa = PBXBuildFile; fileRef = 6373CD221AD5A261000DE105 /* Images.xcassets */; };
		6373CD261AD5A261000DE105 /* LaunchScreen.xib in Resources */ = {isa = PBXBuildFile; fileRef = 6373CD241AD5A261000DE105 /* LaunchScreen.xib */; };
		6373CD321AD5A261000DE105 /* PseudoBlockTests.swift in Sources */ = {isa = PBXBuildFile; fileRef = 6373CD311AD5A261000DE105 /* PseudoBlockTests.swift */; };
/* End PBXBuildFile section */

/* Begin PBXContainerItemProxy section */
		6373CD2C1AD5A261000DE105 /* PBXContainerItemProxy */ = {
			isa = PBXContainerItemProxy;
			containerPortal = 6373CD0E1AD5A261000DE105 /* Project object */;
			proxyType = 1;
			remoteGlobalIDString = 6373CD151AD5A261000DE105;
			remoteInfo = PseudoBlock;
		};
/* End PBXContainerItemProxy section */

/* Begin PBXFileReference section */
		6373CD161AD5A261000DE105 /* PseudoBlock.app */ = {isa = PBXFileReference; explicitFileType = wrapper.application; includeInIndex = 0; path = PseudoBlock.app; sourceTree = BUILT_PRODUCTS_DIR; };
		6373CD1A1AD5A261000DE105 /* Info.plist */ = {isa = PBXFileReference; lastKnownFileType = text.plist.xml; path = Info.plist; sourceTree = "<group>"; };
		6373CD1B1AD5A261000DE105 /* AppDelegate.swift */ = {isa = PBXFileReference; lastKnownFileType = sourcecode.swift; path = AppDelegate.swift; sourceTree = "<group>"; };
		6373CD1D1AD5A261000DE105 /* ViewController.swift */ = {isa = PBXFileReference; lastKnownFileType = sourcecode.swift; path = ViewController.swift; sourceTree = "<group>"; };
		6373CD201AD5A261000DE105 /* Base */ = {isa = PBXFileReference; lastKnownFileType = file.storyboard; name = Base; path = Base.lproj/Main.storyboard; sourceTree = "<group>"; };
		6373CD221AD5A261000DE105 /* Images.xcassets */ = {isa = PBXFileReference; lastKnownFileType = folder.assetcatalog; path = Images.xcassets; sourceTree = "<group>"; };
		6373CD251AD5A261000DE105 /* Base */ = {isa = PBXFileReference; lastKnownFileType = file.xib; name = Base; path = Base.lproj/LaunchScreen.xib; sourceTree = "<group>"; };
		6373CD2B1AD5A261000DE105 /* PseudoBlockTests.xctest */ = {isa = PBXFileReference; explicitFileType = wrapper.cfbundle; includeInIndex = 0; path = PseudoBlockTests.xctest; sourceTree = BUILT_PRODUCTS_DIR; };
		6373CD301AD5A261000DE105 /* Info.plist */ = {isa = PBXFileReference; lastKnownFileType = text.plist.xml; path = Info.plist; sourceTree = "<group>"; };
		6373CD311AD5A261000DE105 /* PseudoBlockTests.swift */ = {isa = PBXFileReference; lastKnownFileType = sourcecode.swift; path = PseudoBlockTests.swift; sourceTree = "<group>"; };
/* End PBXFileReference section */

/* Begin PBXFrameworksBuildPhase section */
		6373CD131AD5A261000DE105 /* Frameworks */ = {
			isa = PBXFrameworksBuildPhase;
			buildActionMask = 2147483647;
			files = (
			);
			runOnlyForDeploymentPostprocessing = 0;
		};
		6373CD281AD5A261000DE105 /* Frameworks */ = {
			isa = PBXFrameworksBuildPhase;
			buildActionMask = 2147483647;
			files = (
			);
			runOnlyForDeploymentPostprocessing = 0;
		};
/* End PBXFrameworksBuildPhase section */

/* Begin PBXGroup section */
		6373CD0D1AD5A261000DE105 = {
			isa = PBXGroup;
			children = (
				6373CD181AD5A261000DE105 /* PseudoBlock */,
				6373CD2E1AD5A261000DE105 /* PseudoBlockTests */,
				6373CD171AD5A261000DE105 /* Products */,
			);
			sourceTree = "<group>";
		};
		6373CD171AD5A261000DE105 /* Products */ = {
			isa = PBXGroup;
			children = (
				6373CD161AD5A261000DE105 /* PseudoBlock.app */,
				6373CD2B1AD5A261000DE105 /* PseudoBlockTests.xctest */,
			);
			name = Products;
			sourceTree = "<group>";
		};
		6373CD181AD5A261000DE105 /* PseudoBlock */ = {
			isa = PBXGroup;
			children = (
				6373CD1B1AD5A261000DE105 /* AppDelegate.swift */,
				6373CD1D1AD5A261000DE105 /* ViewController.swift */,
				6373CD1F1AD5A261000DE105 /* Main.storyboard */,
				6373CD221AD5A261000DE105 /* Images.xcassets */,
				6373CD241AD5A261000DE105 /* LaunchScreen.xib */,
				6373CD191AD5A261000DE105 /* Supporting Files */,
			);
			path = PseudoBlock;
			sourceTree = "<group>";
		};
		6373CD191AD5A261000DE105 /* Supporting Files */ = {
			isa = PBXGroup;
			children = (
				6373CD1A1AD5A261000DE105 /* Info.plist */,
			);
			name = "Supporting Files";
			sourceTree = "<group>";
		};
		6373CD2E1AD5A261000DE105 /* PseudoBlockTests */ = {
			isa = PBXGroup;
			children = (
				6373CD311AD5A261000DE105 /* PseudoBlockTests.swift */,
				6373CD2F1AD5A261000DE105 /* Supporting Files */,
			);
			path = PseudoBlockTests;
			sourceTree = "<group>";
		};
		6373CD2F1AD5A261000DE105 /* Supporting Files */ = {
			isa = PBXGroup;
			children = (
				6373CD301AD5A261000DE105 /* Info.plist */,
			);
			name = "Supporting Files";
			sourceTree = "<group>";
		};
/* End PBXGroup section */

/* Begin PBXNativeTarget section */
		6373CD151AD5A261000DE105 /* PseudoBlock */ = {
			isa = PBXNativeTarget;
			buildConfigurationList = 6373CD351AD5A261000DE105 /* Build configuration list for PBXNativeTarget "PseudoBlock" */;
			buildPhases = (
				6373CD121AD5A261000DE105 /* Sources */,
				6373CD131AD5A261000DE105 /* Frameworks */,
				6373CD141AD5A261000DE105 /* Resources */,
			);
			buildRules = (
			);
			dependencies = (
			);
			name = PseudoBlock;
			productName = PseudoBlock;
			productReference = 6373CD161AD5A261000DE105 /* PseudoBlock.app */;
			productType = "com.apple.product-type.application";
		};
		6373CD2A1AD5A261000DE105 /* PseudoBlockTests */ = {
			isa = PBXNativeTarget;
			buildConfigurationList = 6373CD381AD5A261000DE105 /* Build configuration list for PBXNativeTarget "PseudoBlockTests" */;
			buildPhases = (
				6373CD271AD5A261000DE105 /* Sources */,
				6373CD281AD5A261000DE105 /* Frameworks */,
				6373CD291AD5A261000DE105 /* Resources */,
			);
			buildRules = (
			);
			dependencies = (
				6373CD2D1AD5A261000DE105 /* PBXTargetDependency */,
			);
			name = PseudoBlockTests;
			productName = PseudoBlockTests;
			productReference = 6373CD2B1AD5A261000DE105 /* PseudoBlockTests.xctest */;
			productType = "com.apple.product-type.bundle.unit-test";
		};
/* End PBXNativeTarget section */

/* Begin PBXProject section */
		6373CD0E1AD5A261000DE105 /* Project object */ = {
			isa = PBXProject;
			attributes = {
				LastUpgradeCheck = 0620;
				ORGANIZATIONNAME = FHICT;
				TargetAttributes = {
					6373CD151AD5A261000DE105 = {
						CreatedOnToolsVersion = 6.2;
					};
					6373CD2A1AD5A261000DE105 = {
						CreatedOnToolsVersion = 6.2;
						TestTargetID = 6373CD151AD5A261000DE105;
					};
				};
			};
			buildConfigurationList = 6373CD111AD5A261000DE105 /* Build configuration list for PBXProject "PseudoBlock" */;
			compatibilityVersion = "Xcode 3.2";
			developmentRegion = English;
			hasScannedForEncodings = 0;
			knownRegions = (
				en,
				Base,
			);
			mainGroup = 6373CD0D1AD5A261000DE105;
			productRefGroup = 6373CD171AD5A261000DE105 /* Products */;
			projectDirPath = "";
			projectRoot = "";
			targets = (
				6373CD151AD5A261000DE105 /* PseudoBlock */,
				6373CD2A1AD5A261000DE105 /* PseudoBlockTests */,
			);
		};
/* End PBXProject section */

/* Begin PBXResourcesBuildPhase section */
		6373CD141AD5A261000DE105 /* Resources */ = {
			isa = PBXResourcesBuildPhase;
			buildActionMask = 2147483647;
			files = (
				6373CD211AD5A261000DE105 /* Main.storyboard in Resources */,
				6373CD261AD5A261000DE105 /* LaunchScreen.xib in Resources */,
				6373CD231AD5A261000DE105 /* Images.xcassets in Resources */,
			);
			runOnlyForDeploymentPostprocessing = 0;
		};
		6373CD291AD5A261000DE105 /* Resources */ = {
			isa = PBXResourcesBuildPhase;
			buildActionMask = 2147483647;
			files = (
			);
			runOnlyForDeploymentPostprocessing = 0;
		};
/* End PBXResourcesBuildPhase section */

/* Begin PBXSourcesBuildPhase section */
		6373CD121AD5A261000DE105 /* Sources */ = {
			isa = PBXSourcesBuildPhase;
			buildActionMask = 2147483647;
			files = (
				6373CD1E1AD5A261000DE105 /* ViewController.swift in Sources */,
				6373CD1C1AD5A261000DE105 /* AppDelegate.swift in Sources */,
			);
			runOnlyForDeploymentPostprocessing = 0;
		};
		6373CD271AD5A261000DE105 /* Sources */ = {
			isa = PBXSourcesBuildPhase;
			buildActionMask = 2147483647;
			files = (
				6373CD321AD5A261000DE105 /* PseudoBlockTests.swift in Sources */,
			);
			runOnlyForDeploymentPostprocessing = 0;
		};
/* End PBXSourcesBuildPhase section */

/* Begin PBXTargetDependency section */
		6373CD2D1AD5A261000DE105 /* PBXTargetDependency */ = {
			isa = PBXTargetDependency;
			target = 6373CD151AD5A261000DE105 /* PseudoBlock */;
			targetProxy = 6373CD2C1AD5A261000DE105 /* PBXContainerItemProxy */;
		};
/* End PBXTargetDependency section */

/* Begin PBXVariantGroup section */
		6373CD1F1AD5A261000DE105 /* Main.storyboard */ = {
			isa = PBXVariantGroup;
			children = (
				6373CD201AD5A261000DE105 /* Base */,
			);
			name = Main.storyboard;
			sourceTree = "<group>";
		};
		6373CD241AD5A261000DE105 /* LaunchScreen.xib */ = {
			isa = PBXVariantGroup;
			children = (
				6373CD251AD5A261000DE105 /* Base */,
			);
			name = LaunchScreen.xib;
			sourceTree = "<group>";
		};
/* End PBXVariantGroup section */

/* Begin XCBuildConfiguration section */
		6373CD331AD5A261000DE105 /* Debug */ = {
			isa = XCBuildConfiguration;
			buildSettings = {
				ALWAYS_SEARCH_USER_PATHS = NO;
				CLANG_CXX_LANGUAGE_STANDARD = "gnu++0x";
				CLANG_CXX_LIBRARY = "libc++";
				CLANG_ENABLE_MODULES = YES;
				CLANG_ENABLE_OBJC_ARC = YES;
				CLANG_WARN_BOOL_CONVERSION = YES;
				CLANG_WARN_CONSTANT_CONVERSION = YES;
				CLANG_WARN_DIRECT_OBJC_ISA_USAGE = YES_ERROR;
				CLANG_WARN_EMPTY_BODY = YES;
				CLANG_WARN_ENUM_CONVERSION = YES;
				CLANG_WARN_INT_CONVERSION = YES;
				CLANG_WARN_OBJC_ROOT_CLASS = YES_ERROR;
				CLANG_WARN_UNREACHABLE_CODE = YES;
				CLANG_WARN__DUPLICATE_METHOD_MATCH = YES;
				"CODE_SIGN_IDENTITY[sdk=iphoneos*]" = "iPhone Developer";
				COPY_PHASE_STRIP = NO;
				ENABLE_STRICT_OBJC_MSGSEND = YES;
				GCC_C_LANGUAGE_STANDARD = gnu99;
				GCC_DYNAMIC_NO_PIC = NO;
				GCC_OPTIMIZATION_LEVEL = 0;
				GCC_PREPROCESSOR_DEFINITIONS = (
					"DEBUG=1",
					"$(inherited)",
				);
				GCC_SYMBOLS_PRIVATE_EXTERN = NO;
				GCC_WARN_64_TO_32_BIT_CONVERSION = YES;
				GCC_WARN_ABOUT_RETURN_TYPE = YES_ERROR;
				GCC_WARN_UNDECLARED_SELECTOR = YES;
				GCC_WARN_UNINITIALIZED_AUTOS = YES_AGGRESSIVE;
				GCC_WARN_UNUSED_FUNCTION = YES;
				GCC_WARN_UNUSED_VARIABLE = YES;
				IPHONEOS_DEPLOYMENT_TARGET = 8.2;
				MTL_ENABLE_DEBUG_INFO = YES;
				ONLY_ACTIVE_ARCH = YES;
				SDKROOT = iphoneos;
				SWIFT_OPTIMIZATION_LEVEL = "-Onone";
				TARGETED_DEVICE_FAMILY = "1,2";
			};
			name = Debug;
		};
		6373CD341AD5A261000DE105 /* Release */ = {
			isa = XCBuildConfiguration;
			buildSettings = {
				ALWAYS_SEARCH_USER_PATHS = NO;
				CLANG_CXX_LANGUAGE_STANDARD = "gnu++0x";
				CLANG_CXX_LIBRARY = "libc++";
				CLANG_ENABLE_MODULES = YES;
				CLANG_ENABLE_OBJC_ARC = YES;
				CLANG_WARN_BOOL_CONVERSION = YES;
				CLANG_WARN_CONSTANT_CONVERSION = YES;
				CLANG_WARN_DIRECT_OBJC_ISA_USAGE = YES_ERROR;
				CLANG_WARN_EMPTY_BODY = YES;
				CLANG_WARN_ENUM_CONVERSION = YES;
				CLANG_WARN_INT_CONVERSION = YES;
				CLANG_WARN_OBJC_ROOT_CLASS = YES_ERROR;
				CLANG_WARN_UNREACHABLE_CODE = YES;
				CLANG_WARN__DUPLICATE_METHOD_MATCH = YES;
				"CODE_SIGN_IDENTITY[sdk=iphoneos*]" = "iPhone Developer";
				COPY_PHASE_STRIP = NO;
				ENABLE_NS_ASSERTIONS = NO;
				ENABLE_STRICT_OBJC_MSGSEND = YES;
				GCC_C_LANGUAGE_STANDARD = gnu99;
				GCC_WARN_64_TO_32_BIT_CONVERSION = YES;
				GCC_WARN_ABOUT_RETURN_TYPE = YES_ERROR;
				GCC_WARN_UNDECLARED_SELECTOR = YES;
				GCC_WARN_UNINITIALIZED_AUTOS = YES_AGGRESSIVE;
				GCC_WARN_UNUSED_FUNCTION = YES;
				GCC_WARN_UNUSED_VARIABLE = YES;
				IPHONEOS_DEPLOYMENT_TARGET = 8.2;
				MTL_ENABLE_DEBUG_INFO = NO;
				SDKROOT = iphoneos;
				TARGETED_DEVICE_FAMILY = "1,2";
				VALIDATE_PRODUCT = YES;
			};
			name = Release;
		};
		6373CD361AD5A261000DE105 /* Debug */ = {
			isa = XCBuildConfiguration;
			buildSettings = {
				ASSETCATALOG_COMPILER_APPICON_NAME = AppIcon;
				INFOPLIST_FILE = PseudoBlock/Info.plist;
				LD_RUNPATH_SEARCH_PATHS = "$(inherited) @executable_path/Frameworks";
				PRODUCT_NAME = "$(TARGET_NAME)";
			};
			name = Debug;
		};
		6373CD371AD5A261000DE105 /* Release */ = {
			isa = XCBuildConfiguration;
			buildSettings = {
				ASSETCATALOG_COMPILER_APPICON_NAME = AppIcon;
				INFOPLIST_FILE = PseudoBlock/Info.plist;
				LD_RUNPATH_SEARCH_PATHS = "$(inherited) @executable_path/Frameworks";
				PRODUCT_NAME = "$(TARGET_NAME)";
			};
			name = Release;
		};
		6373CD391AD5A261000DE105 /* Debug */ = {
			isa = XCBuildConfiguration;
			buildSettings = {
				BUNDLE_LOADER = "$(TEST_HOST)";
				FRAMEWORK_SEARCH_PATHS = (
					"$(SDKROOT)/Developer/Library/Frameworks",
					"$(inherited)",
				);
				GCC_PREPROCESSOR_DEFINITIONS = (
					"DEBUG=1",
					"$(inherited)",
				);
				INFOPLIST_FILE = PseudoBlockTests/Info.plist;
				LD_RUNPATH_SEARCH_PATHS = "$(inherited) @executable_path/Frameworks @loader_path/Frameworks";
				PRODUCT_NAME = "$(TARGET_NAME)";
				TEST_HOST = "$(BUILT_PRODUCTS_DIR)/PseudoBlock.app/PseudoBlock";
			};
			name = Debug;
		};
		6373CD3A1AD5A261000DE105 /* Release */ = {
			isa = XCBuildConfiguration;
			buildSettings = {
				BUNDLE_LOADER = "$(TEST_HOST)";
				FRAMEWORK_SEARCH_PATHS = (
					"$(SDKROOT)/Developer/Library/Frameworks",
					"$(inherited)",
				);
				INFOPLIST_FILE = PseudoBlockTests/Info.plist;
				LD_RUNPATH_SEARCH_PATHS = "$(inherited) @executable_path/Frameworks @loader_path/Frameworks";
				PRODUCT_NAME = "$(TARGET_NAME)";
				TEST_HOST = "$(BUILT_PRODUCTS_DIR)/PseudoBlock.app/PseudoBlock";
			};
			name = Release;
		};
/* End XCBuildConfiguration section */

/* Begin XCConfigurationList section */
		6373CD111AD5A261000DE105 /* Build configuration list for PBXProject "PseudoBlock" */ = {
			isa = XCConfigurationList;
			buildConfigurations = (
				6373CD331AD5A261000DE105 /* Debug */,
				6373CD341AD5A261000DE105 /* Release */,
			);
			defaultConfigurationIsVisible = 0;
			defaultConfigurationName = Release;
		};
		6373CD351AD5A261000DE105 /* Build configuration list for PBXNativeTarget "PseudoBlock" */ = {
			isa = XCConfigurationList;
			buildConfigurations = (
				6373CD361AD5A261000DE105 /* Debug */,
				6373CD371AD5A261000DE105 /* Release */,
			);
			defaultConfigurationIsVisible = 0;
		};
		6373CD381AD5A261000DE105 /* Build configuration list for PBXNativeTarget "PseudoBlockTests" */ = {
			isa = XCConfigurationList;
			buildConfigurations = (
				6373CD391AD5A261000DE105 /* Debug */,
				6373CD3A1AD5A261000DE105 /* Release */,
			);
			defaultConfigurationIsVisible = 0;
		};
/* End XCConfigurationList section */
	};
	rootObject = 6373CD0E1AD5A261000DE105 /* Project object */;
}
