// !$*UTF8*$!
{
	archiveVersion = 1;
	classes = {
	};
	objectVersion = 46;
	objects = {

/* Begin PBXBuildFile section */
		63690B421ADA90EF00C1EF11 /* AppDelegate.swift in Sources */ = {isa = PBXBuildFile; fileRef = 63690B411ADA90EF00C1EF11 /* AppDelegate.swift */; };
		63690B461ADA90EF00C1EF11 /* GameScene.swift in Sources */ = {isa = PBXBuildFile; fileRef = 63690B451ADA90EF00C1EF11 /* GameScene.swift */; };
		63690B481ADA90EF00C1EF11 /* GameViewController.swift in Sources */ = {isa = PBXBuildFile; fileRef = 63690B471ADA90EF00C1EF11 /* GameViewController.swift */; };
		63690B4B1ADA90EF00C1EF11 /* Main.storyboard in Resources */ = {isa = PBXBuildFile; fileRef = 63690B491ADA90EF00C1EF11 /* Main.storyboard */; };
		63690B4D1ADA90EF00C1EF11 /* Images.xcassets in Resources */ = {isa = PBXBuildFile; fileRef = 63690B4C1ADA90EF00C1EF11 /* Images.xcassets */; };
		63690B501ADA90EF00C1EF11 /* LaunchScreen.xib in Resources */ = {isa = PBXBuildFile; fileRef = 63690B4E1ADA90EF00C1EF11 /* LaunchScreen.xib */; };
		63690B5C1ADA90EF00C1EF11 /* PseudoBlocksTests.swift in Sources */ = {isa = PBXBuildFile; fileRef = 63690B5B1ADA90EF00C1EF11 /* PseudoBlocksTests.swift */; };
		63690B731ADA99E600C1EF11 /* sprites.atlas in Resources */ = {isa = PBXBuildFile; fileRef = 63690B721ADA99E600C1EF11 /* sprites.atlas */; };
		63690B751ADA9F8B00C1EF11 /* Array2D.swift in Sources */ = {isa = PBXBuildFile; fileRef = 63690B741ADA9F8B00C1EF11 /* Array2D.swift */; };
		63690B771ADAA00D00C1EF11 /* Tile.swift in Sources */ = {isa = PBXBuildFile; fileRef = 63690B761ADAA00D00C1EF11 /* Tile.swift */; };
		63B62A341ADDB349004507A8 /* MenuScene.swift in Sources */ = {isa = PBXBuildFile; fileRef = 63B62A331ADDB349004507A8 /* MenuScene.swift */; };
		F5404E921ADFDF06001E630A /* CoreMotion.framework in Frameworks */ = {isa = PBXBuildFile; fileRef = F5404E911ADFDF06001E630A /* CoreMotion.framework */; };
		F5404E981ADFFB6C001E630A /* 01-intro.mp3 in Resources */ = {isa = PBXBuildFile; fileRef = F5404E971ADFFB6C001E630A /* 01-intro.mp3 */; };
		F56657291ADD60AB0030869F /* AVFoundation.framework in Frameworks */ = {isa = PBXBuildFile; fileRef = F56657281ADD60AB0030869F /* AVFoundation.framework */; };
		F5EC481E1ADC43C1003FF6E2 /* Project.swift in Sources */ = {isa = PBXBuildFile; fileRef = F5EC481D1ADC43C1003FF6E2 /* Project.swift */; };
		F5EC48201ADC441F003FF6E2 /* Block.swift in Sources */ = {isa = PBXBuildFile; fileRef = F5EC481F1ADC441F003FF6E2 /* Block.swift */; };
		F5EC48231ADC453C003FF6E2 /* Walk.swift in Sources */ = {isa = PBXBuildFile; fileRef = F5EC48221ADC453C003FF6E2 /* Walk.swift */; };
		F5EC48251ADC460B003FF6E2 /* Swim.swift in Sources */ = {isa = PBXBuildFile; fileRef = F5EC48241ADC460B003FF6E2 /* Swim.swift */; };
		F5EC48271ADC4626003FF6E2 /* Turn.swift in Sources */ = {isa = PBXBuildFile; fileRef = F5EC48261ADC4626003FF6E2 /* Turn.swift */; };
		F5EC48291ADC464B003FF6E2 /* Start.swift in Sources */ = {isa = PBXBuildFile; fileRef = F5EC48281ADC464B003FF6E2 /* Start.swift */; };
		F5EC482D1ADC4692003FF6E2 /* Sound.swift in Sources */ = {isa = PBXBuildFile; fileRef = F5EC482C1ADC4692003FF6E2 /* Sound.swift */; };
		F5EC482F1ADC46CE003FF6E2 /* Blow.swift in Sources */ = {isa = PBXBuildFile; fileRef = F5EC482E1ADC46CE003FF6E2 /* Blow.swift */; };
		F5EC48331ADC4B06003FF6E2 /* IDE.swift in Sources */ = {isa = PBXBuildFile; fileRef = F5EC48321ADC4B06003FF6E2 /* IDE.swift */; };
		F5EC48351ADC4B96003FF6E2 /* Game.swift in Sources */ = {isa = PBXBuildFile; fileRef = F5EC48341ADC4B96003FF6E2 /* Game.swift */; };
		F5EC48371ADC4C09003FF6E2 /* Map.swift in Sources */ = {isa = PBXBuildFile; fileRef = F5EC48361ADC4C09003FF6E2 /* Map.swift */; };
		F5EC48391ADC4C27003FF6E2 /* Player.swift in Sources */ = {isa = PBXBuildFile; fileRef = F5EC48381ADC4C27003FF6E2 /* Player.swift */; };
		F5EC483B1ADC4C67003FF6E2 /* Tiles.swift in Sources */ = {isa = PBXBuildFile; fileRef = F5EC483A1ADC4C67003FF6E2 /* Tiles.swift */; };
		F5EC483D1ADC4C7A003FF6E2 /* Item.swift in Sources */ = {isa = PBXBuildFile; fileRef = F5EC483C1ADC4C7A003FF6E2 /* Item.swift */; };
/* End PBXBuildFile section */

/* Begin PBXContainerItemProxy section */
		63690B561ADA90EF00C1EF11 /* PBXContainerItemProxy */ = {
			isa = PBXContainerItemProxy;
			containerPortal = 63690B341ADA90EF00C1EF11 /* Project object */;
			proxyType = 1;
			remoteGlobalIDString = 63690B3B1ADA90EF00C1EF11;
			remoteInfo = PseudoBlocks;
		};
/* End PBXContainerItemProxy section */

/* Begin PBXFileReference section */
		63690B3C1ADA90EF00C1EF11 /* PseudoBlocks.app */ = {isa = PBXFileReference; explicitFileType = wrapper.application; includeInIndex = 0; path = PseudoBlocks.app; sourceTree = BUILT_PRODUCTS_DIR; };
		63690B401ADA90EF00C1EF11 /* Info.plist */ = {isa = PBXFileReference; lastKnownFileType = text.plist.xml; path = Info.plist; sourceTree = "<group>"; };
		63690B411ADA90EF00C1EF11 /* AppDelegate.swift */ = {isa = PBXFileReference; lastKnownFileType = sourcecode.swift; path = AppDelegate.swift; sourceTree = "<group>"; };
		63690B451ADA90EF00C1EF11 /* GameScene.swift */ = {isa = PBXFileReference; lastKnownFileType = sourcecode.swift; path = GameScene.swift; sourceTree = "<group>"; };
		63690B471ADA90EF00C1EF11 /* GameViewController.swift */ = {isa = PBXFileReference; lastKnownFileType = sourcecode.swift; path = GameViewController.swift; sourceTree = "<group>"; };
		63690B4A1ADA90EF00C1EF11 /* Base */ = {isa = PBXFileReference; lastKnownFileType = file.storyboard; name = Base; path = Base.lproj/Main.storyboard; sourceTree = "<group>"; };
		63690B4C1ADA90EF00C1EF11 /* Images.xcassets */ = {isa = PBXFileReference; lastKnownFileType = folder.assetcatalog; path = Images.xcassets; sourceTree = "<group>"; };
		63690B4F1ADA90EF00C1EF11 /* Base */ = {isa = PBXFileReference; lastKnownFileType = file.xib; name = Base; path = Base.lproj/LaunchScreen.xib; sourceTree = "<group>"; };
		63690B551ADA90EF00C1EF11 /* PseudoBlocksTests.xctest */ = {isa = PBXFileReference; explicitFileType = wrapper.cfbundle; includeInIndex = 0; path = PseudoBlocksTests.xctest; sourceTree = BUILT_PRODUCTS_DIR; };
		63690B5A1ADA90EF00C1EF11 /* Info.plist */ = {isa = PBXFileReference; lastKnownFileType = text.plist.xml; path = Info.plist; sourceTree = "<group>"; };
		63690B5B1ADA90EF00C1EF11 /* PseudoBlocksTests.swift */ = {isa = PBXFileReference; lastKnownFileType = sourcecode.swift; path = PseudoBlocksTests.swift; sourceTree = "<group>"; };
		63690B721ADA99E600C1EF11 /* sprites.atlas */ = {isa = PBXFileReference; lastKnownFileType = folder.skatlas; path = sprites.atlas; sourceTree = "<group>"; };
		63690B741ADA9F8B00C1EF11 /* Array2D.swift */ = {isa = PBXFileReference; fileEncoding = 4; lastKnownFileType = sourcecode.swift; path = Array2D.swift; sourceTree = "<group>"; };
		63690B761ADAA00D00C1EF11 /* Tile.swift */ = {isa = PBXFileReference; fileEncoding = 4; lastKnownFileType = sourcecode.swift; path = Tile.swift; sourceTree = "<group>"; };
		63B62A331ADDB349004507A8 /* MenuScene.swift */ = {isa = PBXFileReference; fileEncoding = 4; lastKnownFileType = sourcecode.swift; path = MenuScene.swift; sourceTree = "<group>"; };
		F5404E911ADFDF06001E630A /* CoreMotion.framework */ = {isa = PBXFileReference; lastKnownFileType = wrapper.framework; name = CoreMotion.framework; path = System/Library/Frameworks/CoreMotion.framework; sourceTree = SDKROOT; };
		F5404E971ADFFB6C001E630A /* 01-intro.mp3 */ = {isa = PBXFileReference; lastKnownFileType = audio.mp3; path = "01-intro.mp3"; sourceTree = "<group>"; };
		F56657281ADD60AB0030869F /* AVFoundation.framework */ = {isa = PBXFileReference; lastKnownFileType = wrapper.framework; name = AVFoundation.framework; path = System/Library/Frameworks/AVFoundation.framework; sourceTree = SDKROOT; };
		F5EC481D1ADC43C1003FF6E2 /* Project.swift */ = {isa = PBXFileReference; fileEncoding = 4; lastKnownFileType = sourcecode.swift; path = Project.swift; sourceTree = "<group>"; };
		F5EC481F1ADC441F003FF6E2 /* Block.swift */ = {isa = PBXFileReference; fileEncoding = 4; lastKnownFileType = sourcecode.swift; path = Block.swift; sourceTree = "<group>"; };
		F5EC48221ADC453C003FF6E2 /* Walk.swift */ = {isa = PBXFileReference; fileEncoding = 4; lastKnownFileType = sourcecode.swift; path = Walk.swift; sourceTree = "<group>"; };
		F5EC48241ADC460B003FF6E2 /* Swim.swift */ = {isa = PBXFileReference; fileEncoding = 4; lastKnownFileType = sourcecode.swift; path = Swim.swift; sourceTree = "<group>"; };
		F5EC48261ADC4626003FF6E2 /* Turn.swift */ = {isa = PBXFileReference; fileEncoding = 4; lastKnownFileType = sourcecode.swift; path = Turn.swift; sourceTree = "<group>"; };
		F5EC48281ADC464B003FF6E2 /* Start.swift */ = {isa = PBXFileReference; fileEncoding = 4; lastKnownFileType = sourcecode.swift; path = Start.swift; sourceTree = "<group>"; };
		F5EC482C1ADC4692003FF6E2 /* Sound.swift */ = {isa = PBXFileReference; fileEncoding = 4; lastKnownFileType = sourcecode.swift; path = Sound.swift; sourceTree = "<group>"; };
		F5EC482E1ADC46CE003FF6E2 /* Blow.swift */ = {isa = PBXFileReference; fileEncoding = 4; lastKnownFileType = sourcecode.swift; path = Blow.swift; sourceTree = "<group>"; };
		F5EC48321ADC4B06003FF6E2 /* IDE.swift */ = {isa = PBXFileReference; fileEncoding = 4; lastKnownFileType = sourcecode.swift; path = IDE.swift; sourceTree = "<group>"; };
		F5EC48341ADC4B96003FF6E2 /* Game.swift */ = {isa = PBXFileReference; fileEncoding = 4; lastKnownFileType = sourcecode.swift; path = Game.swift; sourceTree = "<group>"; };
		F5EC48361ADC4C09003FF6E2 /* Map.swift */ = {isa = PBXFileReference; fileEncoding = 4; lastKnownFileType = sourcecode.swift; path = Map.swift; sourceTree = "<group>"; };
		F5EC48381ADC4C27003FF6E2 /* Player.swift */ = {isa = PBXFileReference; fileEncoding = 4; lastKnownFileType = sourcecode.swift; path = Player.swift; sourceTree = "<group>"; };
		F5EC483A1ADC4C67003FF6E2 /* Tiles.swift */ = {isa = PBXFileReference; fileEncoding = 4; lastKnownFileType = sourcecode.swift; path = Tiles.swift; sourceTree = "<group>"; };
		F5EC483C1ADC4C7A003FF6E2 /* Item.swift */ = {isa = PBXFileReference; fileEncoding = 4; lastKnownFileType = sourcecode.swift; path = Item.swift; sourceTree = "<group>"; };
/* End PBXFileReference section */

/* Begin PBXFrameworksBuildPhase section */
		63690B391ADA90EF00C1EF11 /* Frameworks */ = {
			isa = PBXFrameworksBuildPhase;
			buildActionMask = 2147483647;
			files = (
				F5404E921ADFDF06001E630A /* CoreMotion.framework in Frameworks */,
				F56657291ADD60AB0030869F /* AVFoundation.framework in Frameworks */,
			);
			runOnlyForDeploymentPostprocessing = 0;
		};
		63690B521ADA90EF00C1EF11 /* Frameworks */ = {
			isa = PBXFrameworksBuildPhase;
			buildActionMask = 2147483647;
			files = (
			);
			runOnlyForDeploymentPostprocessing = 0;
		};
/* End PBXFrameworksBuildPhase section */

/* Begin PBXGroup section */
		63690B331ADA90EF00C1EF11 = {
			isa = PBXGroup;
			children = (
				63690B3E1ADA90EF00C1EF11 /* PseudoBlocks */,
				63690B581ADA90EF00C1EF11 /* PseudoBlocksTests */,
				63690B3D1ADA90EF00C1EF11 /* Products */,
			);
			sourceTree = "<group>";
		};
		63690B3D1ADA90EF00C1EF11 /* Products */ = {
			isa = PBXGroup;
			children = (
				63690B3C1ADA90EF00C1EF11 /* PseudoBlocks.app */,
				63690B551ADA90EF00C1EF11 /* PseudoBlocksTests.xctest */,
			);
			name = Products;
			sourceTree = "<group>";
		};
		63690B3E1ADA90EF00C1EF11 /* PseudoBlocks */ = {
			isa = PBXGroup;
			children = (
				F597A0071ADFCF6B000A1187 /* Includes */,
				F5EC481C1ADC430F003FF6E2 /* Classes */,
				63690B721ADA99E600C1EF11 /* sprites.atlas */,
				63690B411ADA90EF00C1EF11 /* AppDelegate.swift */,
				63690B451ADA90EF00C1EF11 /* GameScene.swift */,
				63690B761ADAA00D00C1EF11 /* Tile.swift */,
				63690B741ADA9F8B00C1EF11 /* Array2D.swift */,
				63B62A331ADDB349004507A8 /* MenuScene.swift */,
				63690B471ADA90EF00C1EF11 /* GameViewController.swift */,
				63690B491ADA90EF00C1EF11 /* Main.storyboard */,
				63690B4C1ADA90EF00C1EF11 /* Images.xcassets */,
				63690B4E1ADA90EF00C1EF11 /* LaunchScreen.xib */,
				63690B3F1ADA90EF00C1EF11 /* Supporting Files */,
			);
			path = PseudoBlocks;
			sourceTree = "<group>";
		};
		63690B3F1ADA90EF00C1EF11 /* Supporting Files */ = {
			isa = PBXGroup;
			children = (
				63690B401ADA90EF00C1EF11 /* Info.plist */,
			);
			name = "Supporting Files";
			sourceTree = "<group>";
		};
		63690B581ADA90EF00C1EF11 /* PseudoBlocksTests */ = {
			isa = PBXGroup;
			children = (
				63690B5B1ADA90EF00C1EF11 /* PseudoBlocksTests.swift */,
				63690B591ADA90EF00C1EF11 /* Supporting Files */,
			);
			path = PseudoBlocksTests;
			sourceTree = "<group>";
		};
		63690B591ADA90EF00C1EF11 /* Supporting Files */ = {
			isa = PBXGroup;
			children = (
				63690B5A1ADA90EF00C1EF11 /* Info.plist */,
			);
			name = "Supporting Files";
			sourceTree = "<group>";
		};
		F597A0071ADFCF6B000A1187 /* Includes */ = {
			isa = PBXGroup;
			children = (
				F5404E971ADFFB6C001E630A /* 01-intro.mp3 */,
				F5404E911ADFDF06001E630A /* CoreMotion.framework */,
				F56657281ADD60AB0030869F /* AVFoundation.framework */,
			);
			name = Includes;
			sourceTree = "<group>";
		};
		F5EC481C1ADC430F003FF6E2 /* Classes */ = {
			isa = PBXGroup;
			children = (
				F5EC48211ADC4520003FF6E2 /* Blocks */,
				F5EC481D1ADC43C1003FF6E2 /* Project.swift */,
				F5EC481F1ADC441F003FF6E2 /* Block.swift */,
				F5EC48321ADC4B06003FF6E2 /* IDE.swift */,
				F5EC48341ADC4B96003FF6E2 /* Game.swift */,
				F5EC48361ADC4C09003FF6E2 /* Map.swift */,
				F5EC48381ADC4C27003FF6E2 /* Player.swift */,
				F5EC483A1ADC4C67003FF6E2 /* Tiles.swift */,
				F5EC483C1ADC4C7A003FF6E2 /* Item.swift */,
			);
			name = Classes;
			sourceTree = "<group>";
		};
		F5EC48211ADC4520003FF6E2 /* Blocks */ = {
			isa = PBXGroup;
			children = (
				F5EC48221ADC453C003FF6E2 /* Walk.swift */,
				F5EC48241ADC460B003FF6E2 /* Swim.swift */,
				F5EC48261ADC4626003FF6E2 /* Turn.swift */,
				F5EC48281ADC464B003FF6E2 /* Start.swift */,
				F5EC482C1ADC4692003FF6E2 /* Sound.swift */,
				F5EC482E1ADC46CE003FF6E2 /* Blow.swift */,
			);
			name = Blocks;
			sourceTree = "<group>";
		};
/* End PBXGroup section */

/* Begin PBXNativeTarget section */
		63690B3B1ADA90EF00C1EF11 /* PseudoBlocks */ = {
			isa = PBXNativeTarget;
			buildConfigurationList = 63690B5F1ADA90EF00C1EF11 /* Build configuration list for PBXNativeTarget "PseudoBlocks" */;
			buildPhases = (
				63690B381ADA90EF00C1EF11 /* Sources */,
				63690B391ADA90EF00C1EF11 /* Frameworks */,
				63690B3A1ADA90EF00C1EF11 /* Resources */,
			);
			buildRules = (
			);
			dependencies = (
			);
			name = PseudoBlocks;
			productName = PseudoBlocks;
			productReference = 63690B3C1ADA90EF00C1EF11 /* PseudoBlocks.app */;
			productType = "com.apple.product-type.application";
		};
		63690B541ADA90EF00C1EF11 /* PseudoBlocksTests */ = {
			isa = PBXNativeTarget;
			buildConfigurationList = 63690B621ADA90EF00C1EF11 /* Build configuration list for PBXNativeTarget "PseudoBlocksTests" */;
			buildPhases = (
				63690B511ADA90EF00C1EF11 /* Sources */,
				63690B521ADA90EF00C1EF11 /* Frameworks */,
				63690B531ADA90EF00C1EF11 /* Resources */,
			);
			buildRules = (
			);
			dependencies = (
				63690B571ADA90EF00C1EF11 /* PBXTargetDependency */,
			);
			name = PseudoBlocksTests;
			productName = PseudoBlocksTests;
			productReference = 63690B551ADA90EF00C1EF11 /* PseudoBlocksTests.xctest */;
			productType = "com.apple.product-type.bundle.unit-test";
		};
/* End PBXNativeTarget section */

/* Begin PBXProject section */
		63690B341ADA90EF00C1EF11 /* Project object */ = {
			isa = PBXProject;
			attributes = {
				LastUpgradeCheck = 0620;
				ORGANIZATIONNAME = FHICT;
				TargetAttributes = {
					63690B3B1ADA90EF00C1EF11 = {
						CreatedOnToolsVersion = 6.2;
					};
					63690B541ADA90EF00C1EF11 = {
						CreatedOnToolsVersion = 6.2;
						TestTargetID = 63690B3B1ADA90EF00C1EF11;
					};
				};
			};
			buildConfigurationList = 63690B371ADA90EF00C1EF11 /* Build configuration list for PBXProject "PseudoBlocks" */;
			compatibilityVersion = "Xcode 3.2";
			developmentRegion = English;
			hasScannedForEncodings = 0;
			knownRegions = (
				en,
				Base,
			);
			mainGroup = 63690B331ADA90EF00C1EF11;
			productRefGroup = 63690B3D1ADA90EF00C1EF11 /* Products */;
			projectDirPath = "";
			projectRoot = "";
			targets = (
				63690B3B1ADA90EF00C1EF11 /* PseudoBlocks */,
				63690B541ADA90EF00C1EF11 /* PseudoBlocksTests */,
			);
		};
/* End PBXProject section */

/* Begin PBXResourcesBuildPhase section */
		63690B3A1ADA90EF00C1EF11 /* Resources */ = {
			isa = PBXResourcesBuildPhase;
			buildActionMask = 2147483647;
			files = (
				63690B501ADA90EF00C1EF11 /* LaunchScreen.xib in Resources */,
				63690B4D1ADA90EF00C1EF11 /* Images.xcassets in Resources */,
				63690B731ADA99E600C1EF11 /* sprites.atlas in Resources */,
				F5404E981ADFFB6C001E630A /* 01-intro.mp3 in Resources */,
				63690B4B1ADA90EF00C1EF11 /* Main.storyboard in Resources */,
			);
			runOnlyForDeploymentPostprocessing = 0;
		};
		63690B531ADA90EF00C1EF11 /* Resources */ = {
			isa = PBXResourcesBuildPhase;
			buildActionMask = 2147483647;
			files = (
			);
			runOnlyForDeploymentPostprocessing = 0;
		};
/* End PBXResourcesBuildPhase section */

/* Begin PBXSourcesBuildPhase section */
		63690B381ADA90EF00C1EF11 /* Sources */ = {
			isa = PBXSourcesBuildPhase;
			buildActionMask = 2147483647;
			files = (
				F5EC482D1ADC4692003FF6E2 /* Sound.swift in Sources */,
				F5EC48351ADC4B96003FF6E2 /* Game.swift in Sources */,
				F5EC48371ADC4C09003FF6E2 /* Map.swift in Sources */,
				F5EC48271ADC4626003FF6E2 /* Turn.swift in Sources */,
				F5EC48291ADC464B003FF6E2 /* Start.swift in Sources */,
				63690B461ADA90EF00C1EF11 /* GameScene.swift in Sources */,
				F5EC48251ADC460B003FF6E2 /* Swim.swift in Sources */,
				F5EC48201ADC441F003FF6E2 /* Block.swift in Sources */,
				63690B751ADA9F8B00C1EF11 /* Array2D.swift in Sources */,
				F5EC482F1ADC46CE003FF6E2 /* Blow.swift in Sources */,
				F5EC48331ADC4B06003FF6E2 /* IDE.swift in Sources */,
				F5EC483B1ADC4C67003FF6E2 /* Tiles.swift in Sources */,
				63690B771ADAA00D00C1EF11 /* Tile.swift in Sources */,
				F5EC48231ADC453C003FF6E2 /* Walk.swift in Sources */,
				F5EC483D1ADC4C7A003FF6E2 /* Item.swift in Sources */,
				63690B481ADA90EF00C1EF11 /* GameViewController.swift in Sources */,
				63690B421ADA90EF00C1EF11 /* AppDelegate.swift in Sources */,
				63B62A341ADDB349004507A8 /* MenuScene.swift in Sources */,
				F5EC48391ADC4C27003FF6E2 /* Player.swift in Sources */,
				F5EC481E1ADC43C1003FF6E2 /* Project.swift in Sources */,
			);
			runOnlyForDeploymentPostprocessing = 0;
		};
		63690B511ADA90EF00C1EF11 /* Sources */ = {
			isa = PBXSourcesBuildPhase;
			buildActionMask = 2147483647;
			files = (
				63690B5C1ADA90EF00C1EF11 /* PseudoBlocksTests.swift in Sources */,
			);
			runOnlyForDeploymentPostprocessing = 0;
		};
/* End PBXSourcesBuildPhase section */

/* Begin PBXTargetDependency section */
		63690B571ADA90EF00C1EF11 /* PBXTargetDependency */ = {
			isa = PBXTargetDependency;
			target = 63690B3B1ADA90EF00C1EF11 /* PseudoBlocks */;
			targetProxy = 63690B561ADA90EF00C1EF11 /* PBXContainerItemProxy */;
		};
/* End PBXTargetDependency section */

/* Begin PBXVariantGroup section */
		63690B491ADA90EF00C1EF11 /* Main.storyboard */ = {
			isa = PBXVariantGroup;
			children = (
				63690B4A1ADA90EF00C1EF11 /* Base */,
			);
			name = Main.storyboard;
			sourceTree = "<group>";
		};
		63690B4E1ADA90EF00C1EF11 /* LaunchScreen.xib */ = {
			isa = PBXVariantGroup;
			children = (
				63690B4F1ADA90EF00C1EF11 /* Base */,
			);
			name = LaunchScreen.xib;
			sourceTree = "<group>";
		};
/* End PBXVariantGroup section */

/* Begin XCBuildConfiguration section */
		63690B5D1ADA90EF00C1EF11 /* Debug */ = {
			isa = XCBuildConfiguration;
			buildSettings = {
				ALWAYS_SEARCH_USER_PATHS = NO;
				CLANG_CXX_LANGUAGE_STANDARD = "gnu++0x";
				CLANG_CXX_LIBRARY = "libc++";
				CLANG_ENABLE_MODULES = YES;
				CLANG_ENABLE_OBJC_ARC = YES;
				CLANG_WARN_BOOL_CONVERSION = YES;
				CLANG_WARN_CONSTANT_CONVERSION = YES;
				CLANG_WARN_DIRECT_OBJC_ISA_USAGE = YES_ERROR;
				CLANG_WARN_EMPTY_BODY = YES;
				CLANG_WARN_ENUM_CONVERSION = YES;
				CLANG_WARN_INT_CONVERSION = YES;
				CLANG_WARN_OBJC_ROOT_CLASS = YES_ERROR;
				CLANG_WARN_UNREACHABLE_CODE = YES;
				CLANG_WARN__DUPLICATE_METHOD_MATCH = YES;
				"CODE_SIGN_IDENTITY[sdk=iphoneos*]" = "iPhone Developer";
				COPY_PHASE_STRIP = NO;
				ENABLE_STRICT_OBJC_MSGSEND = YES;
				GCC_C_LANGUAGE_STANDARD = gnu99;
				GCC_DYNAMIC_NO_PIC = NO;
				GCC_OPTIMIZATION_LEVEL = 0;
				GCC_PREPROCESSOR_DEFINITIONS = (
					"DEBUG=1",
					"$(inherited)",
				);
				GCC_SYMBOLS_PRIVATE_EXTERN = NO;
				GCC_WARN_64_TO_32_BIT_CONVERSION = YES;
				GCC_WARN_ABOUT_RETURN_TYPE = YES_ERROR;
				GCC_WARN_UNDECLARED_SELECTOR = YES;
				GCC_WARN_UNINITIALIZED_AUTOS = YES_AGGRESSIVE;
				GCC_WARN_UNUSED_FUNCTION = YES;
				GCC_WARN_UNUSED_VARIABLE = YES;
				IPHONEOS_DEPLOYMENT_TARGET = 8.1;
				MTL_ENABLE_DEBUG_INFO = YES;
				ONLY_ACTIVE_ARCH = YES;
				SDKROOT = iphoneos;
				SWIFT_OPTIMIZATION_LEVEL = "-Onone";
				TARGETED_DEVICE_FAMILY = 2;
			};
			name = Debug;
		};
		63690B5E1ADA90EF00C1EF11 /* Release */ = {
			isa = XCBuildConfiguration;
			buildSettings = {
				ALWAYS_SEARCH_USER_PATHS = NO;
				CLANG_CXX_LANGUAGE_STANDARD = "gnu++0x";
				CLANG_CXX_LIBRARY = "libc++";
				CLANG_ENABLE_MODULES = YES;
				CLANG_ENABLE_OBJC_ARC = YES;
				CLANG_WARN_BOOL_CONVERSION = YES;
				CLANG_WARN_CONSTANT_CONVERSION = YES;
				CLANG_WARN_DIRECT_OBJC_ISA_USAGE = YES_ERROR;
				CLANG_WARN_EMPTY_BODY = YES;
				CLANG_WARN_ENUM_CONVERSION = YES;
				CLANG_WARN_INT_CONVERSION = YES;
				CLANG_WARN_OBJC_ROOT_CLASS = YES_ERROR;
				CLANG_WARN_UNREACHABLE_CODE = YES;
				CLANG_WARN__DUPLICATE_METHOD_MATCH = YES;
				"CODE_SIGN_IDENTITY[sdk=iphoneos*]" = "iPhone Developer";
				COPY_PHASE_STRIP = NO;
				ENABLE_NS_ASSERTIONS = NO;
				ENABLE_STRICT_OBJC_MSGSEND = YES;
				GCC_C_LANGUAGE_STANDARD = gnu99;
				GCC_WARN_64_TO_32_BIT_CONVERSION = YES;
				GCC_WARN_ABOUT_RETURN_TYPE = YES_ERROR;
				GCC_WARN_UNDECLARED_SELECTOR = YES;
				GCC_WARN_UNINITIALIZED_AUTOS = YES_AGGRESSIVE;
				GCC_WARN_UNUSED_FUNCTION = YES;
				GCC_WARN_UNUSED_VARIABLE = YES;
				IPHONEOS_DEPLOYMENT_TARGET = 8.1;
				MTL_ENABLE_DEBUG_INFO = NO;
				SDKROOT = iphoneos;
				TARGETED_DEVICE_FAMILY = 2;
				VALIDATE_PRODUCT = YES;
			};
			name = Release;
		};
		63690B601ADA90EF00C1EF11 /* Debug */ = {
			isa = XCBuildConfiguration;
			buildSettings = {
				ASSETCATALOG_COMPILER_APPICON_NAME = AppIcon;
				INFOPLIST_FILE = PseudoBlocks/Info.plist;
				LD_RUNPATH_SEARCH_PATHS = "$(inherited) @executable_path/Frameworks";
				PRODUCT_NAME = "$(TARGET_NAME)";
			};
			name = Debug;
		};
		63690B611ADA90EF00C1EF11 /* Release */ = {
			isa = XCBuildConfiguration;
			buildSettings = {
				ASSETCATALOG_COMPILER_APPICON_NAME = AppIcon;
				INFOPLIST_FILE = PseudoBlocks/Info.plist;
				LD_RUNPATH_SEARCH_PATHS = "$(inherited) @executable_path/Frameworks";
				PRODUCT_NAME = "$(TARGET_NAME)";
			};
			name = Release;
		};
		63690B631ADA90EF00C1EF11 /* Debug */ = {
			isa = XCBuildConfiguration;
			buildSettings = {
				BUNDLE_LOADER = "$(TEST_HOST)";
				FRAMEWORK_SEARCH_PATHS = (
					"$(SDKROOT)/Developer/Library/Frameworks",
					"$(inherited)",
				);
				GCC_PREPROCESSOR_DEFINITIONS = (
					"DEBUG=1",
					"$(inherited)",
				);
				INFOPLIST_FILE = PseudoBlocksTests/Info.plist;
				LD_RUNPATH_SEARCH_PATHS = "$(inherited) @executable_path/Frameworks @loader_path/Frameworks";
				PRODUCT_NAME = "$(TARGET_NAME)";
				TEST_HOST = "$(BUILT_PRODUCTS_DIR)/PseudoBlocks.app/PseudoBlocks";
			};
			name = Debug;
		};
		63690B641ADA90EF00C1EF11 /* Release */ = {
			isa = XCBuildConfiguration;
			buildSettings = {
				BUNDLE_LOADER = "$(TEST_HOST)";
				FRAMEWORK_SEARCH_PATHS = (
					"$(SDKROOT)/Developer/Library/Frameworks",
					"$(inherited)",
				);
				INFOPLIST_FILE = PseudoBlocksTests/Info.plist;
				LD_RUNPATH_SEARCH_PATHS = "$(inherited) @executable_path/Frameworks @loader_path/Frameworks";
				PRODUCT_NAME = "$(TARGET_NAME)";
				TEST_HOST = "$(BUILT_PRODUCTS_DIR)/PseudoBlocks.app/PseudoBlocks";
			};
			name = Release;
		};
/* End XCBuildConfiguration section */

/* Begin XCConfigurationList section */
		63690B371ADA90EF00C1EF11 /* Build configuration list for PBXProject "PseudoBlocks" */ = {
			isa = XCConfigurationList;
			buildConfigurations = (
				63690B5D1ADA90EF00C1EF11 /* Debug */,
				63690B5E1ADA90EF00C1EF11 /* Release */,
			);
			defaultConfigurationIsVisible = 0;
			defaultConfigurationName = Release;
		};
		63690B5F1ADA90EF00C1EF11 /* Build configuration list for PBXNativeTarget "PseudoBlocks" */ = {
			isa = XCConfigurationList;
			buildConfigurations = (
				63690B601ADA90EF00C1EF11 /* Debug */,
				63690B611ADA90EF00C1EF11 /* Release */,
			);
			defaultConfigurationIsVisible = 0;
			defaultConfigurationName = Release;
		};
		63690B621ADA90EF00C1EF11 /* Build configuration list for PBXNativeTarget "PseudoBlocksTests" */ = {
			isa = XCConfigurationList;
			buildConfigurations = (
				63690B631ADA90EF00C1EF11 /* Debug */,
				63690B641ADA90EF00C1EF11 /* Release */,
			);
			defaultConfigurationIsVisible = 0;
			defaultConfigurationName = Release;
		};
/* End XCConfigurationList section */
	};
	rootObject = 63690B341ADA90EF00C1EF11 /* Project object */;
}
